
Microsoft Visual Studio Solution File, Format Version 11.00
# Visual Studio 2010
Project("{F184B08F-C81C-45F6-A57F-5ABD9991F28F}") = "AutoMap RNI", "Rastreador GPS+Maps\AutoMap RNI.vbproj", "{65E4C1B6-C202-4E69-95F8-4F68BDE2EA73}"
EndProject
Project("{54435603-DBB4-11D2-8724-00A0C9A8B90C}") = "Instalador AutoMap RNI", "Setup\Setup.vdproj", "{01DD59C0-8593-454E-BFED-4990EDE22522}"
EndProject
Global
	GlobalSection(SolutionConfigurationPlatforms) = preSolution
		Debug|Any CPU = Debug|Any CPU
		Debug|Mixed Platforms = Debug|Mixed Platforms
		Debug|x86 = Debug|x86
		Release|Any CPU = Release|Any CPU
		Release|Mixed Platforms = Release|Mixed Platforms
		Release|x86 = Release|x86
	EndGlobalSection
	GlobalSection(ProjectConfigurationPlatforms) = postSolution
		{65E4C1B6-C202-4E69-95F8-4F68BDE2EA73}.Debug|Any CPU.ActiveCfg = Debug|Any CPU
		{65E4C1B6-C202-4E69-95F8-4F68BDE2EA73}.Debug|Any CPU.Build.0 = Debug|Any CPU
		{65E4C1B6-C202-4E69-95F8-4F68BDE2EA73}.Debug|Mixed Platforms.ActiveCfg = Debug|Any CPU
		{65E4C1B6-C202-4E69-95F8-4F68BDE2EA73}.Debug|Mixed Platforms.Build.0 = Debug|Any CPU
		{65E4C1B6-C202-4E69-95F8-4F68BDE2EA73}.Debug|x86.ActiveCfg = Debug|x86
		{65E4C1B6-C202-4E69-95F8-4F68BDE2EA73}.Debug|x86.Build.0 = Debug|x86
		{65E4C1B6-C202-4E69-95F8-4F68BDE2EA73}.Release|Any CPU.ActiveCfg = Release|x86
		{65E4C1B6-C202-4E69-95F8-4F68BDE2EA73}.Release|Mixed Platforms.ActiveCfg = Release|x86
		{65E4C1B6-C202-4E69-95F8-4F68BDE2EA73}.Release|Mixed Platforms.Build.0 = Release|x86
		{65E4C1B6-C202-4E69-95F8-4F68BDE2EA73}.Release|x86.ActiveCfg = Release|x86
		{65E4C1B6-C202-4E69-95F8-4F68BDE2EA73}.Release|x86.Build.0 = Release|x86
		{01DD59C0-8593-454E-BFED-4990EDE22522}.Debug|Any CPU.ActiveCfg = Debug
		{01DD59C0-8593-454E-BFED-4990EDE22522}.Debug|Any CPU.Build.0 = Debug
		{01DD59C0-8593-454E-BFED-4990EDE22522}.Debug|Mixed Platforms.ActiveCfg = Debug
		{01DD59C0-8593-454E-BFED-4990EDE22522}.Debug|Mixed Platforms.Build.0 = Debug
		{01DD59C0-8593-454E-BFED-4990EDE22522}.Debug|x86.ActiveCfg = Debug
		{01DD59C0-8593-454E-BFED-4990EDE22522}.Release|Any CPU.ActiveCfg = Release
		{01DD59C0-8593-454E-BFED-4990EDE22522}.Release|Mixed Platforms.ActiveCfg = Release
		{01DD59C0-8593-454E-BFED-4990EDE22522}.Release|x86.ActiveCfg = Release
	EndGlobalSection
	GlobalSection(SolutionProperties) = preSolution
		HideSolutionNode = FALSE
	EndGlobalSection
EndGlobal
